
Microsoft Visual Studio Solution File, Format Version 12.00
# Visual Studio Version 17
VisualStudioVersion = 17.1.32319.34
MinimumVisualStudioVersion = 10.0.40219.1
Project("{FAE04EC0-301F-11D3-BF4B-00C04F79EFBC}") = "DataBaseApp", "DataBaseApp.csproj", "{59C7EEE6-8E79-45BE-9739-4D7FED47CC87}"
EndProject
Global
	GlobalSection(SolutionConfigurationPlatforms) = preSolution
		Debug|Any CPU = Debug|Any CPU
		Release|Any CPU = Release|Any CPU
	EndGlobalSection
	GlobalSection(ProjectConfigurationPlatforms) = postSolution
		{59C7EEE6-8E79-45BE-9739-4D7FED47CC87}.Debug|Any CPU.ActiveCfg = Debug|Any CPU
		{59C7EEE6-8E79-45BE-9739-4D7FED47CC87}.Debug|Any CPU.Build.0 = Debug|Any CPU
		{59C7EEE6-8E79-45BE-9739-4D7FED47CC87}.Release|Any CPU.ActiveCfg = Release|Any CPU
		{59C7EEE6-8E79-45BE-9739-4D7FED47CC87}.Release|Any CPU.Build.0 = Release|Any CPU
	EndGlobalSection
	GlobalSection(SolutionProperties) = preSolution
		HideSolutionNode = FALSE
	EndGlobalSection
	GlobalSection(ExtensibilityGlobals) = postSolution
		SolutionGuid = {933EA907-23D2-4FAC-AA88-29829F48DE37}
	EndGlobalSection
EndGlobal
